
Microsoft Visual Studio Solution File, Format Version 12.00
# Visual Studio Version 17
VisualStudioVersion = 17.5.33516.290
MinimumVisualStudioVersion = 10.0.40219.1
Project("{FAE04EC0-301F-11D3-BF4B-00C04F79EFBC}") = "Mask.TaskPlanner.Domain.Models", "Mask.TaskPlanner.Domain.Models\Mask.TaskPlanner.Domain.Models.csproj", "{5686792C-CCC7-4AD3-9566-08E7B63D439A}"
EndProject
Global
	GlobalSection(SolutionConfigurationPlatforms) = preSolution
		Debug|Any CPU = Debug|Any CPU
		Release|Any CPU = Release|Any CPU
	EndGlobalSection
	GlobalSection(ProjectConfigurationPlatforms) = postSolution
		{5686792C-CCC7-4AD3-9566-08E7B63D439A}.Debug|Any CPU.ActiveCfg = Debug|Any CPU
		{5686792C-CCC7-4AD3-9566-08E7B63D439A}.Debug|Any CPU.Build.0 = Debug|Any CPU
		{5686792C-CCC7-4AD3-9566-08E7B63D439A}.Release|Any CPU.ActiveCfg = Release|Any CPU
		{5686792C-CCC7-4AD3-9566-08E7B63D439A}.Release|Any CPU.Build.0 = Release|Any CPU
	EndGlobalSection
	GlobalSection(SolutionProperties) = preSolution
		HideSolutionNode = FALSE
	EndGlobalSection
	GlobalSection(ExtensibilityGlobals) = postSolution
		SolutionGuid = {46C0671E-7EA6-4770-B0B3-9B4A234F8E02}
	EndGlobalSection
EndGlobal
