
Microsoft Visual Studio Solution File, Format Version 12.00
# Visual Studio Version 17
VisualStudioVersion = 17.5.33516.290
MinimumVisualStudioVersion = 10.0.40219.1
Project("{9A19103F-16F7-4668-BE54-9A1E7A4F7556}") = "Maks.TaskPlanner.ConsoleRunner", "Maks.TaskPlanner.ConsoleRunner\Maks.TaskPlanner.ConsoleRunner.csproj", "{ECB1BB56-5657-46B1-8D09-DE0C16C1B906}"
EndProject
Project("{9A19103F-16F7-4668-BE54-9A1E7A4F7556}") = "Maks.TaskPlanner.Domain.Models", "..\Mask.TaskPlanner.Domain.Models\Mask.TaskPlanner.Domain.Models\Maks.TaskPlanner.Domain.Models.csproj", "{30DEB3F7-D2E1-45F3-84AE-706427F9BB55}"
EndProject
Project("{9A19103F-16F7-4668-BE54-9A1E7A4F7556}") = "Maks.TaskPlanner.Domain.Logic", "..\Maks.TaskPlanner.Domain.Logic\Maks.TaskPlanner.Domain.Logic\Maks.TaskPlanner.Domain.Logic.csproj", "{19E764D4-FBB3-48C4-B07E-D058574FD707}"
EndProject
Project("{9A19103F-16F7-4668-BE54-9A1E7A4F7556}") = "Maks.TaskPlanner.DataAccess", "..\Maks.TaskPlanner.DataAccess\Maks.TaskPlanner.DataAccess\Maks.TaskPlanner.DataAccess.csproj", "{96D4FC2A-EBAB-483F-9F21-167E0103D942}"
EndProject
Project("{9A19103F-16F7-4668-BE54-9A1E7A4F7556}") = "Maks.TaskPlanner.DataAccess.Abstractions", "..\Maks.TaskPlanner.DataAccess.Abstractions\Maks.TaskPlanner.DataAccess.Abstractions\Maks.TaskPlanner.DataAccess.Abstractions.csproj", "{0169C5C1-380C-4871-9F73-2B992D81FE89}"
EndProject
Project("{FAE04EC0-301F-11D3-BF4B-00C04F79EFBC}") = "Maks.TaskPlanner.Domain.Logic.Tests", "Maks.TaskPlanner.Domain.Logic.Tests\Maks.TaskPlanner.Domain.Logic.Tests.csproj", "{B290245C-278A-468C-BB87-4965455DC0AA}"
EndProject
Global
	GlobalSection(SolutionConfigurationPlatforms) = preSolution
		Debug|Any CPU = Debug|Any CPU
		Release|Any CPU = Release|Any CPU
	EndGlobalSection
	GlobalSection(ProjectConfigurationPlatforms) = postSolution
		{ECB1BB56-5657-46B1-8D09-DE0C16C1B906}.Debug|Any CPU.ActiveCfg = Debug|Any CPU
		{ECB1BB56-5657-46B1-8D09-DE0C16C1B906}.Debug|Any CPU.Build.0 = Debug|Any CPU
		{ECB1BB56-5657-46B1-8D09-DE0C16C1B906}.Release|Any CPU.ActiveCfg = Release|Any CPU
		{ECB1BB56-5657-46B1-8D09-DE0C16C1B906}.Release|Any CPU.Build.0 = Release|Any CPU
		{30DEB3F7-D2E1-45F3-84AE-706427F9BB55}.Debug|Any CPU.ActiveCfg = Debug|Any CPU
		{30DEB3F7-D2E1-45F3-84AE-706427F9BB55}.Debug|Any CPU.Build.0 = Debug|Any CPU
		{30DEB3F7-D2E1-45F3-84AE-706427F9BB55}.Release|Any CPU.ActiveCfg = Release|Any CPU
		{30DEB3F7-D2E1-45F3-84AE-706427F9BB55}.Release|Any CPU.Build.0 = Release|Any CPU
		{19E764D4-FBB3-48C4-B07E-D058574FD707}.Debug|Any CPU.ActiveCfg = Debug|Any CPU
		{19E764D4-FBB3-48C4-B07E-D058574FD707}.Debug|Any CPU.Build.0 = Debug|Any CPU
		{19E764D4-FBB3-48C4-B07E-D058574FD707}.Release|Any CPU.ActiveCfg = Release|Any CPU
		{19E764D4-FBB3-48C4-B07E-D058574FD707}.Release|Any CPU.Build.0 = Release|Any CPU
		{96D4FC2A-EBAB-483F-9F21-167E0103D942}.Debug|Any CPU.ActiveCfg = Debug|Any CPU
		{96D4FC2A-EBAB-483F-9F21-167E0103D942}.Debug|Any CPU.Build.0 = Debug|Any CPU
		{96D4FC2A-EBAB-483F-9F21-167E0103D942}.Release|Any CPU.ActiveCfg = Release|Any CPU
		{96D4FC2A-EBAB-483F-9F21-167E0103D942}.Release|Any CPU.Build.0 = Release|Any CPU
		{0169C5C1-380C-4871-9F73-2B992D81FE89}.Debug|Any CPU.ActiveCfg = Debug|Any CPU
		{0169C5C1-380C-4871-9F73-2B992D81FE89}.Debug|Any CPU.Build.0 = Debug|Any CPU
		{0169C5C1-380C-4871-9F73-2B992D81FE89}.Release|Any CPU.ActiveCfg = Release|Any CPU
		{0169C5C1-380C-4871-9F73-2B992D81FE89}.Release|Any CPU.Build.0 = Release|Any CPU
		{B290245C-278A-468C-BB87-4965455DC0AA}.Debug|Any CPU.ActiveCfg = Debug|Any CPU
		{B290245C-278A-468C-BB87-4965455DC0AA}.Debug|Any CPU.Build.0 = Debug|Any CPU
		{B290245C-278A-468C-BB87-4965455DC0AA}.Release|Any CPU.ActiveCfg = Release|Any CPU
		{B290245C-278A-468C-BB87-4965455DC0AA}.Release|Any CPU.Build.0 = Release|Any CPU
	EndGlobalSection
	GlobalSection(SolutionProperties) = preSolution
		HideSolutionNode = FALSE
	EndGlobalSection
	GlobalSection(ExtensibilityGlobals) = postSolution
		SolutionGuid = {BF2A754D-5FBC-455A-BDC5-0173404D9616}
	EndGlobalSection
EndGlobal
