
Microsoft Visual Studio Solution File, Format Version 12.00
# Visual Studio Version 17
VisualStudioVersion = 17.5.33516.290
MinimumVisualStudioVersion = 10.0.40219.1
Project("{FAE04EC0-301F-11D3-BF4B-00C04F79EFBC}") = "Maks.TaskPlanner.DataAccess.Abstractions", "Maks.TaskPlanner.DataAccess.Abstractions\Maks.TaskPlanner.DataAccess.Abstractions.csproj", "{878DB478-9A47-49C6-9953-0A1988B46A19}"
EndProject
Global
	GlobalSection(SolutionConfigurationPlatforms) = preSolution
		Debug|Any CPU = Debug|Any CPU
		Release|Any CPU = Release|Any CPU
	EndGlobalSection
	GlobalSection(ProjectConfigurationPlatforms) = postSolution
		{878DB478-9A47-49C6-9953-0A1988B46A19}.Debug|Any CPU.ActiveCfg = Debug|Any CPU
		{878DB478-9A47-49C6-9953-0A1988B46A19}.Debug|Any CPU.Build.0 = Debug|Any CPU
		{878DB478-9A47-49C6-9953-0A1988B46A19}.Release|Any CPU.ActiveCfg = Release|Any CPU
		{878DB478-9A47-49C6-9953-0A1988B46A19}.Release|Any CPU.Build.0 = Release|Any CPU
	EndGlobalSection
	GlobalSection(SolutionProperties) = preSolution
		HideSolutionNode = FALSE
	EndGlobalSection
	GlobalSection(ExtensibilityGlobals) = postSolution
		SolutionGuid = {11B01B4E-B48A-4AE4-9B71-D380BF47D1FE}
	EndGlobalSection
EndGlobal
